
Microsoft Visual Studio Solution File, Format Version 12.00
# Visual Studio Version 17
VisualStudioVersion = 17.0.31903.59
MinimumVisualStudioVersion = 10.0.40219.1
Project("{9A19103F-16F7-4668-BE54-9A1E7A4F7556}") = "LimitCInterpreter.Tests", "LimitCInterpreter.Tests\LimitCInterpreter.Tests.csproj", "{2276EF00-CE83-4E88-865F-819B04A07D8A}"
EndProject
Project("{2150E333-8FDC-42A3-9474-1A3956D46DE8}") = "Solution Items", "Solution Items", "{A7143092-6731-42A8-8C3F-4E5B3B279F83}"
	ProjectSection(SolutionItems) = preProject
		Directory.Build.targets = Directory.Build.targets
	EndProjectSection
EndProject
Project("{9A19103F-16F7-4668-BE54-9A1E7A4F7556}") = "LimitCInterpreter", "LimitCInterpreter\LimitCInterpreter.csproj", "{AE396100-96A7-422B-8B1A-9C69D94C8956}"
EndProject
Project("{9A19103F-16F7-4668-BE54-9A1E7A4F7556}") = "MainApplication", "MainApplication\MainApplication.csproj", "{59E4C33A-2228-457E-815B-BBDB751161E1}"
EndProject
Project("{9A19103F-16F7-4668-BE54-9A1E7A4F7556}") = "LimitCGenerator", "LimitCGenerator\LimitCGenerator.csproj", "{B333CCCC-3266-4057-A006-103D9268AFBA}"
EndProject
Project("{9A19103F-16F7-4668-BE54-9A1E7A4F7556}") = "ProtocolInputApplication", "ProtocolInputApplication\ProtocolInputApplication.csproj", "{E44B01B9-57EE-4CB1-A34A-B81C256DA3BB}"
EndProject
Global
	GlobalSection(SolutionConfigurationPlatforms) = preSolution
		Debug|Any CPU = Debug|Any CPU
		Release|Any CPU = Release|Any CPU
	EndGlobalSection
	GlobalSection(ProjectConfigurationPlatforms) = postSolution
		{2276EF00-CE83-4E88-865F-819B04A07D8A}.Debug|Any CPU.ActiveCfg = Debug|Any CPU
		{2276EF00-CE83-4E88-865F-819B04A07D8A}.Debug|Any CPU.Build.0 = Debug|Any CPU
		{2276EF00-CE83-4E88-865F-819B04A07D8A}.Release|Any CPU.ActiveCfg = Release|Any CPU
		{2276EF00-CE83-4E88-865F-819B04A07D8A}.Release|Any CPU.Build.0 = Release|Any CPU
		{AE396100-96A7-422B-8B1A-9C69D94C8956}.Debug|Any CPU.ActiveCfg = Debug|Any CPU
		{AE396100-96A7-422B-8B1A-9C69D94C8956}.Debug|Any CPU.Build.0 = Debug|Any CPU
		{AE396100-96A7-422B-8B1A-9C69D94C8956}.Release|Any CPU.ActiveCfg = Release|Any CPU
		{AE396100-96A7-422B-8B1A-9C69D94C8956}.Release|Any CPU.Build.0 = Release|Any CPU
		{59E4C33A-2228-457E-815B-BBDB751161E1}.Debug|Any CPU.ActiveCfg = Debug|Any CPU
		{59E4C33A-2228-457E-815B-BBDB751161E1}.Debug|Any CPU.Build.0 = Debug|Any CPU
		{59E4C33A-2228-457E-815B-BBDB751161E1}.Release|Any CPU.ActiveCfg = Release|Any CPU
		{59E4C33A-2228-457E-815B-BBDB751161E1}.Release|Any CPU.Build.0 = Release|Any CPU
		{B333CCCC-3266-4057-A006-103D9268AFBA}.Debug|Any CPU.ActiveCfg = Debug|Any CPU
		{B333CCCC-3266-4057-A006-103D9268AFBA}.Debug|Any CPU.Build.0 = Debug|Any CPU
		{B333CCCC-3266-4057-A006-103D9268AFBA}.Release|Any CPU.ActiveCfg = Release|Any CPU
		{B333CCCC-3266-4057-A006-103D9268AFBA}.Release|Any CPU.Build.0 = Release|Any CPU
		{E44B01B9-57EE-4CB1-A34A-B81C256DA3BB}.Debug|Any CPU.ActiveCfg = Debug|Any CPU
		{E44B01B9-57EE-4CB1-A34A-B81C256DA3BB}.Debug|Any CPU.Build.0 = Debug|Any CPU
		{E44B01B9-57EE-4CB1-A34A-B81C256DA3BB}.Release|Any CPU.ActiveCfg = Release|Any CPU
		{E44B01B9-57EE-4CB1-A34A-B81C256DA3BB}.Release|Any CPU.Build.0 = Release|Any CPU
	EndGlobalSection
	GlobalSection(SolutionProperties) = preSolution
		HideSolutionNode = FALSE
	EndGlobalSection
	GlobalSection(ExtensibilityGlobals) = postSolution
		SolutionGuid = {53BC1923-E5D6-40A0-B865-F2CC8407C9C2}
	EndGlobalSection
EndGlobal
