
Microsoft Visual Studio Solution File, Format Version 12.00
# Visual Studio Version 17
VisualStudioVersion = 17.0.31903.59
MinimumVisualStudioVersion = 10.0.40219.1
Project("{9A19103F-16F7-4668-BE54-9A1E7A4F7556}") = "Model", "Model\Model.csproj", "{18471C08-7EBD-4DE0-A833-AA591E9B8EB4}"
EndProject
Project("{9A19103F-16F7-4668-BE54-9A1E7A4F7556}") = "ViewModel", "ViewModel\ViewModel.csproj", "{D4CC3EB6-E1AF-4499-900D-6BF484AE84B5}"
EndProject
Project("{9A19103F-16F7-4668-BE54-9A1E7A4F7556}") = "View", "View\View.csproj", "{CE49A5E8-5395-4690-8718-2458706B1F40}"
EndProject
Project("{9A19103F-16F7-4668-BE54-9A1E7A4F7556}") = "LimitCInterpreter.Tests", "LimitCInterpreter.Tests\LimitCInterpreter.Tests.csproj", "{2276EF00-CE83-4E88-865F-819B04A07D8A}"
EndProject
Project("{9A19103F-16F7-4668-BE54-9A1E7A4F7556}") = "_Modul_LimitCProtokollInput", "_Modul_LimitCProtokollInput\_Modul_LimitCProtokollInput.csproj", "{2DA89333-3BBB-461F-9608-528104D6E347}"
EndProject
Project("{9A19103F-16F7-4668-BE54-9A1E7A4F7556}") = "_Modul_CreateLimitC", "_Modul_CreateLimitC\_Modul_CreateLimitC.csproj", "{27871B90-4E23-428C-A1E6-95F4354515DB}"
EndProject
Global
	GlobalSection(SolutionConfigurationPlatforms) = preSolution
		Debug|Any CPU = Debug|Any CPU
		Release|Any CPU = Release|Any CPU
	EndGlobalSection
	GlobalSection(ProjectConfigurationPlatforms) = postSolution
		{18471C08-7EBD-4DE0-A833-AA591E9B8EB4}.Debug|Any CPU.ActiveCfg = Debug|Any CPU
		{18471C08-7EBD-4DE0-A833-AA591E9B8EB4}.Debug|Any CPU.Build.0 = Debug|Any CPU
		{18471C08-7EBD-4DE0-A833-AA591E9B8EB4}.Release|Any CPU.ActiveCfg = Release|Any CPU
		{18471C08-7EBD-4DE0-A833-AA591E9B8EB4}.Release|Any CPU.Build.0 = Release|Any CPU
		{D4CC3EB6-E1AF-4499-900D-6BF484AE84B5}.Debug|Any CPU.ActiveCfg = Debug|Any CPU
		{D4CC3EB6-E1AF-4499-900D-6BF484AE84B5}.Debug|Any CPU.Build.0 = Debug|Any CPU
		{D4CC3EB6-E1AF-4499-900D-6BF484AE84B5}.Release|Any CPU.ActiveCfg = Release|Any CPU
		{D4CC3EB6-E1AF-4499-900D-6BF484AE84B5}.Release|Any CPU.Build.0 = Release|Any CPU
		{CE49A5E8-5395-4690-8718-2458706B1F40}.Debug|Any CPU.ActiveCfg = Debug|Any CPU
		{CE49A5E8-5395-4690-8718-2458706B1F40}.Debug|Any CPU.Build.0 = Debug|Any CPU
		{CE49A5E8-5395-4690-8718-2458706B1F40}.Release|Any CPU.ActiveCfg = Release|Any CPU
		{CE49A5E8-5395-4690-8718-2458706B1F40}.Release|Any CPU.Build.0 = Release|Any CPU
		{2276EF00-CE83-4E88-865F-819B04A07D8A}.Debug|Any CPU.ActiveCfg = Debug|Any CPU
		{2276EF00-CE83-4E88-865F-819B04A07D8A}.Debug|Any CPU.Build.0 = Debug|Any CPU
		{2276EF00-CE83-4E88-865F-819B04A07D8A}.Release|Any CPU.ActiveCfg = Release|Any CPU
		{2276EF00-CE83-4E88-865F-819B04A07D8A}.Release|Any CPU.Build.0 = Release|Any CPU
		{2DA89333-3BBB-461F-9608-528104D6E347}.Debug|Any CPU.ActiveCfg = Debug|Any CPU
		{2DA89333-3BBB-461F-9608-528104D6E347}.Debug|Any CPU.Build.0 = Debug|Any CPU
		{2DA89333-3BBB-461F-9608-528104D6E347}.Release|Any CPU.ActiveCfg = Release|Any CPU
		{2DA89333-3BBB-461F-9608-528104D6E347}.Release|Any CPU.Build.0 = Release|Any CPU
		{27871B90-4E23-428C-A1E6-95F4354515DB}.Debug|Any CPU.ActiveCfg = Debug|Any CPU
		{27871B90-4E23-428C-A1E6-95F4354515DB}.Debug|Any CPU.Build.0 = Debug|Any CPU
		{27871B90-4E23-428C-A1E6-95F4354515DB}.Release|Any CPU.ActiveCfg = Release|Any CPU
		{27871B90-4E23-428C-A1E6-95F4354515DB}.Release|Any CPU.Build.0 = Release|Any CPU
	EndGlobalSection
	GlobalSection(SolutionProperties) = preSolution
		HideSolutionNode = FALSE
	EndGlobalSection
	GlobalSection(ExtensibilityGlobals) = postSolution
		SolutionGuid = {53BC1923-E5D6-40A0-B865-F2CC8407C9C2}
	EndGlobalSection
EndGlobal
